
Microsoft Visual Studio Solution File, Format Version 12.00
# Visual Studio Version 17
VisualStudioVersion = 17.5.33502.453
MinimumVisualStudioVersion = 10.0.40219.1
Project("{FAE04EC0-301F-11D3-BF4B-00C04F79EFBC}") = "SampleCode001", "SampleCode001\SampleCode001.csproj", "{40143B41-D3D0-4D64-B9F1-7E603D85BAA7}"
EndProject
Global
	GlobalSection(SolutionConfigurationPlatforms) = preSolution
		Debug|Any CPU = Debug|Any CPU
		Release|Any CPU = Release|Any CPU
	EndGlobalSection
	GlobalSection(ProjectConfigurationPlatforms) = postSolution
		{40143B41-D3D0-4D64-B9F1-7E603D85BAA7}.Debug|Any CPU.ActiveCfg = Debug|Any CPU
		{40143B41-D3D0-4D64-B9F1-7E603D85BAA7}.Debug|Any CPU.Build.0 = Debug|Any CPU
		{40143B41-D3D0-4D64-B9F1-7E603D85BAA7}.Release|Any CPU.ActiveCfg = Release|Any CPU
		{40143B41-D3D0-4D64-B9F1-7E603D85BAA7}.Release|Any CPU.Build.0 = Release|Any CPU
	EndGlobalSection
	GlobalSection(SolutionProperties) = preSolution
		HideSolutionNode = FALSE
	EndGlobalSection
	GlobalSection(ExtensibilityGlobals) = postSolution
		SolutionGuid = {DA1983A7-14C8-4D11-8D34-D59DED0B40DE}
	EndGlobalSection
EndGlobal
