
Microsoft Visual Studio Solution File, Format Version 12.00
# Visual Studio Version 17
VisualStudioVersion = 17.5.33502.453
MinimumVisualStudioVersion = 10.0.40219.1
Project("{9A19103F-16F7-4668-BE54-9A1E7A4F7556}") = "SampleCode001", "SampleCode001\SampleCode001.csproj", "{700F88CD-CD19-41D3-8C02-165114311B7D}"
EndProject
Global
	GlobalSection(SolutionConfigurationPlatforms) = preSolution
		Debug|Any CPU = Debug|Any CPU
		Release|Any CPU = Release|Any CPU
	EndGlobalSection
	GlobalSection(ProjectConfigurationPlatforms) = postSolution
		{700F88CD-CD19-41D3-8C02-165114311B7D}.Debug|Any CPU.ActiveCfg = Debug|Any CPU
		{700F88CD-CD19-41D3-8C02-165114311B7D}.Debug|Any CPU.Build.0 = Debug|Any CPU
		{700F88CD-CD19-41D3-8C02-165114311B7D}.Release|Any CPU.ActiveCfg = Release|Any CPU
		{700F88CD-CD19-41D3-8C02-165114311B7D}.Release|Any CPU.Build.0 = Release|Any CPU
	EndGlobalSection
	GlobalSection(SolutionProperties) = preSolution
		HideSolutionNode = FALSE
	EndGlobalSection
	GlobalSection(ExtensibilityGlobals) = postSolution
		SolutionGuid = {DA1983A7-14C8-4D11-8D34-D59DED0B40DE}
	EndGlobalSection
EndGlobal
