
Microsoft Visual Studio Solution File, Format Version 12.00
# Visual Studio Version 17
VisualStudioVersion = 17.5.33502.453
MinimumVisualStudioVersion = 10.0.40219.1
Project("{FAE04EC0-301F-11D3-BF4B-00C04F79EFBC}") = "SampleCode001", "SampleCode001\SampleCode001.csproj", "{08672AC9-14EC-485F-BFDF-945FF0F732A6}"
EndProject
Project("{FAE04EC0-301F-11D3-BF4B-00C04F79EFBC}") = "SampleCode002", "SampleCode002\SampleCode002.csproj", "{44B5CDCD-6AEC-46EA-A032-4F40587230E4}"
EndProject
Project("{FAE04EC0-301F-11D3-BF4B-00C04F79EFBC}") = "SampleCode003", "SampleCode003\SampleCode003.csproj", "{4D05965E-6F41-407F-99E2-6F36F26F3E30}"
EndProject
Global
	GlobalSection(SolutionConfigurationPlatforms) = preSolution
		Debug|Any CPU = Debug|Any CPU
		Release|Any CPU = Release|Any CPU
	EndGlobalSection
	GlobalSection(ProjectConfigurationPlatforms) = postSolution
		{08672AC9-14EC-485F-BFDF-945FF0F732A6}.Debug|Any CPU.ActiveCfg = Debug|Any CPU
		{08672AC9-14EC-485F-BFDF-945FF0F732A6}.Debug|Any CPU.Build.0 = Debug|Any CPU
		{08672AC9-14EC-485F-BFDF-945FF0F732A6}.Release|Any CPU.ActiveCfg = Release|Any CPU
		{08672AC9-14EC-485F-BFDF-945FF0F732A6}.Release|Any CPU.Build.0 = Release|Any CPU
		{44B5CDCD-6AEC-46EA-A032-4F40587230E4}.Debug|Any CPU.ActiveCfg = Debug|Any CPU
		{44B5CDCD-6AEC-46EA-A032-4F40587230E4}.Debug|Any CPU.Build.0 = Debug|Any CPU
		{44B5CDCD-6AEC-46EA-A032-4F40587230E4}.Release|Any CPU.ActiveCfg = Release|Any CPU
		{44B5CDCD-6AEC-46EA-A032-4F40587230E4}.Release|Any CPU.Build.0 = Release|Any CPU
		{4D05965E-6F41-407F-99E2-6F36F26F3E30}.Debug|Any CPU.ActiveCfg = Debug|Any CPU
		{4D05965E-6F41-407F-99E2-6F36F26F3E30}.Debug|Any CPU.Build.0 = Debug|Any CPU
		{4D05965E-6F41-407F-99E2-6F36F26F3E30}.Release|Any CPU.ActiveCfg = Release|Any CPU
		{4D05965E-6F41-407F-99E2-6F36F26F3E30}.Release|Any CPU.Build.0 = Release|Any CPU
	EndGlobalSection
	GlobalSection(SolutionProperties) = preSolution
		HideSolutionNode = FALSE
	EndGlobalSection
	GlobalSection(ExtensibilityGlobals) = postSolution
		SolutionGuid = {7FF440C6-9DA1-465D-B8CC-74F52FED6C1D}
	EndGlobalSection
EndGlobal
