
Microsoft Visual Studio Solution File, Format Version 12.00
# Visual Studio Version 17
VisualStudioVersion = 17.5.33502.453
MinimumVisualStudioVersion = 10.0.40219.1
Project("{FAE04EC0-301F-11D3-BF4B-00C04F79EFBC}") = "SampleCode001", "SampleCode001\SampleCode001.csproj", "{24D12764-3BE4-44BA-929E-40219B35E16B}"
EndProject
Global
	GlobalSection(SolutionConfigurationPlatforms) = preSolution
		Debug|Any CPU = Debug|Any CPU
		Release|Any CPU = Release|Any CPU
	EndGlobalSection
	GlobalSection(ProjectConfigurationPlatforms) = postSolution
		{24D12764-3BE4-44BA-929E-40219B35E16B}.Debug|Any CPU.ActiveCfg = Debug|Any CPU
		{24D12764-3BE4-44BA-929E-40219B35E16B}.Debug|Any CPU.Build.0 = Debug|Any CPU
		{24D12764-3BE4-44BA-929E-40219B35E16B}.Release|Any CPU.ActiveCfg = Release|Any CPU
		{24D12764-3BE4-44BA-929E-40219B35E16B}.Release|Any CPU.Build.0 = Release|Any CPU
	EndGlobalSection
	GlobalSection(SolutionProperties) = preSolution
		HideSolutionNode = FALSE
	EndGlobalSection
	GlobalSection(ExtensibilityGlobals) = postSolution
		SolutionGuid = {8E996A3C-219D-4228-A940-88627284F504}
	EndGlobalSection
EndGlobal
